<Solution>
  <Folder Name="/src/">
    <Project Path="src/JobPortal.Api/JobPortal.Api.csproj" />
    <Project Path="src/JobPortal.Application/JobPortal.Application.csproj" />
    <Project Path="src/JobPortal.Domain/JobPortal.Domain.csproj" />
    <Project Path="src/JobPortal.Infrastructure/JobPortal.Infrastructure.csproj" />
  </Folder>
</Solution>
